
Microsoft Visual Studio Solution File, Format Version 12.00
# Visual Studio 15
VisualStudioVersion = 15.0.27004.2002
MinimumVisualStudioVersion = 10.0.40219.1
Project("{FAE04EC0-301F-11D3-BF4B-00C04F79EFBC}") = "ChristmasSock", "ChristmasSock\ChristmasSock.csproj", "{E39311E0-1699-4DD4-B1FB-0579A21FBDF4}"
EndProject
Global
	GlobalSection(SolutionConfigurationPlatforms) = preSolution
		Debug|Any CPU = Debug|Any CPU
		Release|Any CPU = Release|Any CPU
	EndGlobalSection
	GlobalSection(ProjectConfigurationPlatforms) = postSolution
		{E39311E0-1699-4DD4-B1FB-0579A21FBDF4}.Debug|Any CPU.ActiveCfg = Debug|Any CPU
		{E39311E0-1699-4DD4-B1FB-0579A21FBDF4}.Debug|Any CPU.Build.0 = Debug|Any CPU
		{E39311E0-1699-4DD4-B1FB-0579A21FBDF4}.Release|Any CPU.ActiveCfg = Release|Any CPU
		{E39311E0-1699-4DD4-B1FB-0579A21FBDF4}.Release|Any CPU.Build.0 = Release|Any CPU
	EndGlobalSection
	GlobalSection(SolutionProperties) = preSolution
		HideSolutionNode = FALSE
	EndGlobalSection
	GlobalSection(ExtensibilityGlobals) = postSolution
		SolutionGuid = {49B5A808-D252-4323-B834-C949061247BC}
	EndGlobalSection
EndGlobal
