
Microsoft Visual Studio Solution File, Format Version 12.00
# Visual Studio 15
VisualStudioVersion = 15.0.27004.2002
MinimumVisualStudioVersion = 10.0.40219.1
Project("{FAE04EC0-301F-11D3-BF4B-00C04F79EFBC}") = "ZelenchukovaBorsa", "ZelenchukovaBorsa\ZelenchukovaBorsa.csproj", "{45EA68D4-1F9F-4C8C-8382-8188B3639794}"
EndProject
Global
	GlobalSection(SolutionConfigurationPlatforms) = preSolution
		Debug|Any CPU = Debug|Any CPU
		Release|Any CPU = Release|Any CPU
	EndGlobalSection
	GlobalSection(ProjectConfigurationPlatforms) = postSolution
		{45EA68D4-1F9F-4C8C-8382-8188B3639794}.Debug|Any CPU.ActiveCfg = Debug|Any CPU
		{45EA68D4-1F9F-4C8C-8382-8188B3639794}.Debug|Any CPU.Build.0 = Debug|Any CPU
		{45EA68D4-1F9F-4C8C-8382-8188B3639794}.Release|Any CPU.ActiveCfg = Release|Any CPU
		{45EA68D4-1F9F-4C8C-8382-8188B3639794}.Release|Any CPU.Build.0 = Release|Any CPU
	EndGlobalSection
	GlobalSection(SolutionProperties) = preSolution
		HideSolutionNode = FALSE
	EndGlobalSection
	GlobalSection(ExtensibilityGlobals) = postSolution
		SolutionGuid = {21398998-9F97-48AA-8495-7ED51098581D}
	EndGlobalSection
EndGlobal
